
Microsoft Visual Studio Solution File, Format Version 12.00
# Visual Studio Version 16
VisualStudioVersion = 16.0.30621.155
MinimumVisualStudioVersion = 10.0.40219.1
Project("{FAE04EC0-301F-11D3-BF4B-00C04F79EFBC}") = "AzureDevOps", "AzureDevOps\AzureDevOps.csproj", "{90E46FAF-691A-478F-9FC0-D53474BFA23F}"
EndProject
Global
	GlobalSection(SolutionConfigurationPlatforms) = preSolution
		Debug|Any CPU = Debug|Any CPU
		Release|Any CPU = Release|Any CPU
	EndGlobalSection
	GlobalSection(ProjectConfigurationPlatforms) = postSolution
		{90E46FAF-691A-478F-9FC0-D53474BFA23F}.Debug|Any CPU.ActiveCfg = Debug|Any CPU
		{90E46FAF-691A-478F-9FC0-D53474BFA23F}.Debug|Any CPU.Build.0 = Debug|Any CPU
		{90E46FAF-691A-478F-9FC0-D53474BFA23F}.Release|Any CPU.ActiveCfg = Release|Any CPU
		{90E46FAF-691A-478F-9FC0-D53474BFA23F}.Release|Any CPU.Build.0 = Release|Any CPU
	EndGlobalSection
	GlobalSection(SolutionProperties) = preSolution
		HideSolutionNode = FALSE
	EndGlobalSection
	GlobalSection(ExtensibilityGlobals) = postSolution
		SolutionGuid = {DD8BECF0-17A9-4A3E-A7B2-97615199FF21}
	EndGlobalSection
EndGlobal
